
Microsoft Visual Studio Solution File, Format Version 12.00
# Visual Studio Version 16
VisualStudioVersion = 16.0.29613.14
MinimumVisualStudioVersion = 10.0.40219.1
Project("{FAE04EC0-301F-11D3-BF4B-00C04F79EFBC}") = "BankingSite", "BankingSite\BankingSite.csproj", "{9FDF1EA9-5F3F-4A0F-8AC5-D8BC5E9468DB}"
EndProject
Project("{2150E333-8FDC-42A3-9474-1A3956D46DE8}") = ".nuget", ".nuget", "{5970680F-3A23-429C-8121-10A5B545FDAF}"
	ProjectSection(SolutionItems) = preProject
		.nuget\NuGet.Config = .nuget\NuGet.Config
		.nuget\NuGet.exe = .nuget\NuGet.exe
		.nuget\NuGet.targets = .nuget\NuGet.targets
		.nuget\packages.config = .nuget\packages.config
	EndProjectSection
EndProject
Project("{FAE04EC0-301F-11D3-BF4B-00C04F79EFBC}") = "BankingSite.UnitTests", "BankingSite.UnitTests\BankingSite.UnitTests.csproj", "{B8D69BB0-9181-4FEA-83FA-7E16A11428C7}"
EndProject
Project("{FAE04EC0-301F-11D3-BF4B-00C04F79EFBC}") = "BankingSite.IntegrationTests", "BankingSite.IntegrationTests\BankingSite.IntegrationTests.csproj", "{382E0972-710A-4FD7-B16C-C8EB7D92289B}"
EndProject
Project("{FAE04EC0-301F-11D3-BF4B-00C04F79EFBC}") = "BankingSiteControllerTests", "BankingSiteControllerTests\BankingSiteControllerTests.csproj", "{C3E22955-BC6F-46CB-9512-AA523CB636BF}"
EndProject
Project("{FAE04EC0-301F-11D3-BF4B-00C04F79EFBC}") = "BankingSiteViewTests", "BankingSiteViewTests\BankingSiteViewTests.csproj", "{D19FEBD2-F274-4537-80C7-6C1F85CF5C07}"
EndProject
Project("{FAE04EC0-301F-11D3-BF4B-00C04F79EFBC}") = "BankingSite.FuntionalUITests", "BankingSite.FuntionalUITests\BankingSite.FuntionalUITests.csproj", "{1C07AC63-433B-4C33-BA0A-2A5C6CDC6905}"
EndProject
Global
	GlobalSection(SolutionConfigurationPlatforms) = preSolution
		Debug|Any CPU = Debug|Any CPU
		Release|Any CPU = Release|Any CPU
	EndGlobalSection
	GlobalSection(ProjectConfigurationPlatforms) = postSolution
		{9FDF1EA9-5F3F-4A0F-8AC5-D8BC5E9468DB}.Debug|Any CPU.ActiveCfg = Debug|Any CPU
		{9FDF1EA9-5F3F-4A0F-8AC5-D8BC5E9468DB}.Debug|Any CPU.Build.0 = Debug|Any CPU
		{9FDF1EA9-5F3F-4A0F-8AC5-D8BC5E9468DB}.Release|Any CPU.ActiveCfg = Release|Any CPU
		{9FDF1EA9-5F3F-4A0F-8AC5-D8BC5E9468DB}.Release|Any CPU.Build.0 = Release|Any CPU
		{B8D69BB0-9181-4FEA-83FA-7E16A11428C7}.Debug|Any CPU.ActiveCfg = Debug|Any CPU
		{B8D69BB0-9181-4FEA-83FA-7E16A11428C7}.Debug|Any CPU.Build.0 = Debug|Any CPU
		{B8D69BB0-9181-4FEA-83FA-7E16A11428C7}.Release|Any CPU.ActiveCfg = Release|Any CPU
		{B8D69BB0-9181-4FEA-83FA-7E16A11428C7}.Release|Any CPU.Build.0 = Release|Any CPU
		{382E0972-710A-4FD7-B16C-C8EB7D92289B}.Debug|Any CPU.ActiveCfg = Debug|Any CPU
		{382E0972-710A-4FD7-B16C-C8EB7D92289B}.Debug|Any CPU.Build.0 = Debug|Any CPU
		{382E0972-710A-4FD7-B16C-C8EB7D92289B}.Release|Any CPU.ActiveCfg = Release|Any CPU
		{382E0972-710A-4FD7-B16C-C8EB7D92289B}.Release|Any CPU.Build.0 = Release|Any CPU
		{C3E22955-BC6F-46CB-9512-AA523CB636BF}.Debug|Any CPU.ActiveCfg = Debug|Any CPU
		{C3E22955-BC6F-46CB-9512-AA523CB636BF}.Debug|Any CPU.Build.0 = Debug|Any CPU
		{C3E22955-BC6F-46CB-9512-AA523CB636BF}.Release|Any CPU.ActiveCfg = Release|Any CPU
		{C3E22955-BC6F-46CB-9512-AA523CB636BF}.Release|Any CPU.Build.0 = Release|Any CPU
		{D19FEBD2-F274-4537-80C7-6C1F85CF5C07}.Debug|Any CPU.ActiveCfg = Debug|Any CPU
		{D19FEBD2-F274-4537-80C7-6C1F85CF5C07}.Debug|Any CPU.Build.0 = Debug|Any CPU
		{D19FEBD2-F274-4537-80C7-6C1F85CF5C07}.Release|Any CPU.ActiveCfg = Release|Any CPU
		{D19FEBD2-F274-4537-80C7-6C1F85CF5C07}.Release|Any CPU.Build.0 = Release|Any CPU
		{1C07AC63-433B-4C33-BA0A-2A5C6CDC6905}.Debug|Any CPU.ActiveCfg = Debug|Any CPU
		{1C07AC63-433B-4C33-BA0A-2A5C6CDC6905}.Debug|Any CPU.Build.0 = Debug|Any CPU
		{1C07AC63-433B-4C33-BA0A-2A5C6CDC6905}.Release|Any CPU.ActiveCfg = Release|Any CPU
		{1C07AC63-433B-4C33-BA0A-2A5C6CDC6905}.Release|Any CPU.Build.0 = Release|Any CPU
	EndGlobalSection
	GlobalSection(SolutionProperties) = preSolution
		HideSolutionNode = FALSE
	EndGlobalSection
	GlobalSection(ExtensibilityGlobals) = postSolution
		SolutionGuid = {0B6588A5-3221-4E31-AD82-72C1D7144174}
	EndGlobalSection
EndGlobal
